
Microsoft Visual Studio Solution File, Format Version 12.00
# Visual Studio Version 17
VisualStudioVersion = 17.0.31903.59
MinimumVisualStudioVersion = 10.0.40219.1
Project("{2150E333-8FDC-42A3-9474-1A3956D46DE8}") = "src", "src", "{827E0CD3-B72D-47B6-A68D-7590B98EB39B}"
EndProject
Project("{FAE04EC0-301F-11D3-BF4B-00C04F79EFBC}") = "MiniCoop.Api", "src\MiniCoop.Api\MiniCoop.Api.csproj", "{A69A5BEF-A4E7-4EF5-BE23-8C0B735091AD}"
EndProject
Project("{FAE04EC0-301F-11D3-BF4B-00C04F79EFBC}") = "MiniCoop.Web", "src\MiniCoop.Web\MiniCoop.Web.csproj", "{2BC35477-F961-45BD-91C6-7A9D0CF4E4F7}"
EndProject
Project("{FAE04EC0-301F-11D3-BF4B-00C04F79EFBC}") = "MiniCoop.Application", "src\MiniCoop.Application\MiniCoop.Application.csproj", "{F5521301-E290-48AD-8BE3-3DFF277BE232}"
EndProject
Project("{FAE04EC0-301F-11D3-BF4B-00C04F79EFBC}") = "MiniCoop.Infrastructure", "src\MiniCoop.Infrastructure\MiniCoop.Infrastructure.csproj", "{879AA00B-6F7C-4D6F-98D1-C2D9D03CC93F}"
EndProject
Global
	GlobalSection(SolutionConfigurationPlatforms) = preSolution
		Debug|Any CPU = Debug|Any CPU
		Debug|x64 = Debug|x64
		Debug|x86 = Debug|x86
		Release|Any CPU = Release|Any CPU
		Release|x64 = Release|x64
		Release|x86 = Release|x86
	EndGlobalSection
	GlobalSection(ProjectConfigurationPlatforms) = postSolution
		{A69A5BEF-A4E7-4EF5-BE23-8C0B735091AD}.Debug|Any CPU.ActiveCfg = Debug|Any CPU
		{A69A5BEF-A4E7-4EF5-BE23-8C0B735091AD}.Debug|Any CPU.Build.0 = Debug|Any CPU
		{A69A5BEF-A4E7-4EF5-BE23-8C0B735091AD}.Debug|x64.ActiveCfg = Debug|Any CPU
		{A69A5BEF-A4E7-4EF5-BE23-8C0B735091AD}.Debug|x64.Build.0 = Debug|Any CPU
		{A69A5BEF-A4E7-4EF5-BE23-8C0B735091AD}.Debug|x86.ActiveCfg = Debug|Any CPU
		{A69A5BEF-A4E7-4EF5-BE23-8C0B735091AD}.Debug|x86.Build.0 = Debug|Any CPU
		{A69A5BEF-A4E7-4EF5-BE23-8C0B735091AD}.Release|Any CPU.ActiveCfg = Release|Any CPU
		{A69A5BEF-A4E7-4EF5-BE23-8C0B735091AD}.Release|Any CPU.Build.0 = Release|Any CPU
		{A69A5BEF-A4E7-4EF5-BE23-8C0B735091AD}.Release|x64.ActiveCfg = Release|Any CPU
		{A69A5BEF-A4E7-4EF5-BE23-8C0B735091AD}.Release|x64.Build.0 = Release|Any CPU
		{A69A5BEF-A4E7-4EF5-BE23-8C0B735091AD}.Release|x86.ActiveCfg = Release|Any CPU
		{A69A5BEF-A4E7-4EF5-BE23-8C0B735091AD}.Release|x86.Build.0 = Release|Any CPU
		{2BC35477-F961-45BD-91C6-7A9D0CF4E4F7}.Debug|Any CPU.ActiveCfg = Debug|Any CPU
		{2BC35477-F961-45BD-91C6-7A9D0CF4E4F7}.Debug|Any CPU.Build.0 = Debug|Any CPU
		{2BC35477-F961-45BD-91C6-7A9D0CF4E4F7}.Debug|x64.ActiveCfg = Debug|Any CPU
		{2BC35477-F961-45BD-91C6-7A9D0CF4E4F7}.Debug|x64.Build.0 = Debug|Any CPU
		{2BC35477-F961-45BD-91C6-7A9D0CF4E4F7}.Debug|x86.ActiveCfg = Debug|Any CPU
		{2BC35477-F961-45BD-91C6-7A9D0CF4E4F7}.Debug|x86.Build.0 = Debug|Any CPU
		{2BC35477-F961-45BD-91C6-7A9D0CF4E4F7}.Release|Any CPU.ActiveCfg = Release|Any CPU
		{2BC35477-F961-45BD-91C6-7A9D0CF4E4F7}.Release|Any CPU.Build.0 = Release|Any CPU
		{2BC35477-F961-45BD-91C6-7A9D0CF4E4F7}.Release|x64.ActiveCfg = Release|Any CPU
		{2BC35477-F961-45BD-91C6-7A9D0CF4E4F7}.Release|x64.Build.0 = Release|Any CPU
		{2BC35477-F961-45BD-91C6-7A9D0CF4E4F7}.Release|x86.ActiveCfg = Release|Any CPU
		{2BC35477-F961-45BD-91C6-7A9D0CF4E4F7}.Release|x86.Build.0 = Release|Any CPU
		{F5521301-E290-48AD-8BE3-3DFF277BE232}.Debug|Any CPU.ActiveCfg = Debug|Any CPU
		{F5521301-E290-48AD-8BE3-3DFF277BE232}.Debug|Any CPU.Build.0 = Debug|Any CPU
		{F5521301-E290-48AD-8BE3-3DFF277BE232}.Debug|x64.ActiveCfg = Debug|Any CPU
		{F5521301-E290-48AD-8BE3-3DFF277BE232}.Debug|x64.Build.0 = Debug|Any CPU
		{F5521301-E290-48AD-8BE3-3DFF277BE232}.Debug|x86.ActiveCfg = Debug|Any CPU
		{F5521301-E290-48AD-8BE3-3DFF277BE232}.Debug|x86.Build.0 = Debug|Any CPU
		{F5521301-E290-48AD-8BE3-3DFF277BE232}.Release|Any CPU.ActiveCfg = Release|Any CPU
		{F5521301-E290-48AD-8BE3-3DFF277BE232}.Release|Any CPU.Build.0 = Release|Any CPU
		{F5521301-E290-48AD-8BE3-3DFF277BE232}.Release|x64.ActiveCfg = Release|Any CPU
		{F5521301-E290-48AD-8BE3-3DFF277BE232}.Release|x64.Build.0 = Release|Any CPU
		{F5521301-E290-48AD-8BE3-3DFF277BE232}.Release|x86.ActiveCfg = Release|Any CPU
		{F5521301-E290-48AD-8BE3-3DFF277BE232}.Release|x86.Build.0 = Release|Any CPU
		{879AA00B-6F7C-4D6F-98D1-C2D9D03CC93F}.Debug|Any CPU.ActiveCfg = Debug|Any CPU
		{879AA00B-6F7C-4D6F-98D1-C2D9D03CC93F}.Debug|Any CPU.Build.0 = Debug|Any CPU
		{879AA00B-6F7C-4D6F-98D1-C2D9D03CC93F}.Debug|x64.ActiveCfg = Debug|Any CPU
		{879AA00B-6F7C-4D6F-98D1-C2D9D03CC93F}.Debug|x64.Build.0 = Debug|Any CPU
		{879AA00B-6F7C-4D6F-98D1-C2D9D03CC93F}.Debug|x86.ActiveCfg = Debug|Any CPU
		{879AA00B-6F7C-4D6F-98D1-C2D9D03CC93F}.Debug|x86.Build.0 = Debug|Any CPU
		{879AA00B-6F7C-4D6F-98D1-C2D9D03CC93F}.Release|Any CPU.ActiveCfg = Release|Any CPU
		{879AA00B-6F7C-4D6F-98D1-C2D9D03CC93F}.Release|Any CPU.Build.0 = Release|Any CPU
		{879AA00B-6F7C-4D6F-98D1-C2D9D03CC93F}.Release|x64.ActiveCfg = Release|Any CPU
		{879AA00B-6F7C-4D6F-98D1-C2D9D03CC93F}.Release|x64.Build.0 = Release|Any CPU
		{879AA00B-6F7C-4D6F-98D1-C2D9D03CC93F}.Release|x86.ActiveCfg = Release|Any CPU
		{879AA00B-6F7C-4D6F-98D1-C2D9D03CC93F}.Release|x86.Build.0 = Release|Any CPU
	EndGlobalSection
	GlobalSection(SolutionProperties) = preSolution
		HideSolutionNode = FALSE
	EndGlobalSection
	GlobalSection(NestedProjects) = preSolution
		{A69A5BEF-A4E7-4EF5-BE23-8C0B735091AD} = {827E0CD3-B72D-47B6-A68D-7590B98EB39B}
		{2BC35477-F961-45BD-91C6-7A9D0CF4E4F7} = {827E0CD3-B72D-47B6-A68D-7590B98EB39B}
		{F5521301-E290-48AD-8BE3-3DFF277BE232} = {827E0CD3-B72D-47B6-A68D-7590B98EB39B}
		{879AA00B-6F7C-4D6F-98D1-C2D9D03CC93F} = {827E0CD3-B72D-47B6-A68D-7590B98EB39B}
	EndGlobalSection
	GlobalSection(ExtensibilityGlobals) = postSolution
		SolutionGuid = {88277064-E48D-49D0-AC26-A99C96297B49}
	EndGlobalSection
EndGlobal
